
Microsoft Visual Studio Solution File, Format Version 12.00
# Visual Studio Version 16
VisualStudioVersion = 16.0.30503.244
MinimumVisualStudioVersion = 10.0.40219.1
Project("{FAE04EC0-301F-11D3-BF4B-00C04F79EFBC}") = "24hrAssignmentAPI", "24hrAssignmentAPI\24hrAssignmentAPI.csproj", "{249205DA-66A3-41E5-A44D-6AB82BD2A125}"
EndProject
Project("{FAE04EC0-301F-11D3-BF4B-00C04F79EFBC}") = "24hrAssignment.Data", "24hrAssignment.Data\24hrAssignment.Data.csproj", "{60DB6615-8199-4477-B012-A3EAEBBF919B}"
EndProject
Project("{FAE04EC0-301F-11D3-BF4B-00C04F79EFBC}") = "24hrAssignment.Services", "24hrAssignment.Services\24hrAssignment.Services.csproj", "{5AA7210D-42A4-4F81-AE4A-E6111D47EA6B}"
EndProject
Project("{FAE04EC0-301F-11D3-BF4B-00C04F79EFBC}") = "24hrAssignment.Models", "24hrAssignment.Models\24hrAssignment.Models.csproj", "{BF9107F3-0179-4F34-9BE4-232A00E1560F}"
EndProject
Global
	GlobalSection(SolutionConfigurationPlatforms) = preSolution
		Debug|Any CPU = Debug|Any CPU
		Release|Any CPU = Release|Any CPU
	EndGlobalSection
	GlobalSection(ProjectConfigurationPlatforms) = postSolution
		{249205DA-66A3-41E5-A44D-6AB82BD2A125}.Debug|Any CPU.ActiveCfg = Debug|Any CPU
		{249205DA-66A3-41E5-A44D-6AB82BD2A125}.Debug|Any CPU.Build.0 = Debug|Any CPU
		{249205DA-66A3-41E5-A44D-6AB82BD2A125}.Release|Any CPU.ActiveCfg = Release|Any CPU
		{249205DA-66A3-41E5-A44D-6AB82BD2A125}.Release|Any CPU.Build.0 = Release|Any CPU
		{60DB6615-8199-4477-B012-A3EAEBBF919B}.Debug|Any CPU.ActiveCfg = Debug|Any CPU
		{60DB6615-8199-4477-B012-A3EAEBBF919B}.Debug|Any CPU.Build.0 = Debug|Any CPU
		{60DB6615-8199-4477-B012-A3EAEBBF919B}.Release|Any CPU.ActiveCfg = Release|Any CPU
		{60DB6615-8199-4477-B012-A3EAEBBF919B}.Release|Any CPU.Build.0 = Release|Any CPU
		{5AA7210D-42A4-4F81-AE4A-E6111D47EA6B}.Debug|Any CPU.ActiveCfg = Debug|Any CPU
		{5AA7210D-42A4-4F81-AE4A-E6111D47EA6B}.Debug|Any CPU.Build.0 = Debug|Any CPU
		{5AA7210D-42A4-4F81-AE4A-E6111D47EA6B}.Release|Any CPU.ActiveCfg = Release|Any CPU
		{5AA7210D-42A4-4F81-AE4A-E6111D47EA6B}.Release|Any CPU.Build.0 = Release|Any CPU
		{BF9107F3-0179-4F34-9BE4-232A00E1560F}.Debug|Any CPU.ActiveCfg = Debug|Any CPU
		{BF9107F3-0179-4F34-9BE4-232A00E1560F}.Debug|Any CPU.Build.0 = Debug|Any CPU
		{BF9107F3-0179-4F34-9BE4-232A00E1560F}.Release|Any CPU.ActiveCfg = Release|Any CPU
		{BF9107F3-0179-4F34-9BE4-232A00E1560F}.Release|Any CPU.Build.0 = Release|Any CPU
	EndGlobalSection
	GlobalSection(SolutionProperties) = preSolution
		HideSolutionNode = FALSE
	EndGlobalSection
	GlobalSection(ExtensibilityGlobals) = postSolution
		SolutionGuid = {97299090-D659-4270-9E74-9EA3F8199270}
	EndGlobalSection
EndGlobal
